// !$*UTF8*$!
{
	archiveVersion = 1;
	classes = {
	};
	objectVersion = 56;
	objects = {

/* Begin PBXBuildFile section */
		254DB2D02B76EF0800B0B76B /* AppDelegate.swift in Sources */ = {isa = PBXBuildFile; fileRef = 254DB2CF2B76EF0800B0B76B /* AppDelegate.swift */; };
		254DB2D22B76EF0800B0B76B /* SceneDelegate.swift in Sources */ = {isa = PBXBuildFile; fileRef = 254DB2D12B76EF0800B0B76B /* SceneDelegate.swift */; };
		254DB2D92B76EF0A00B0B76B /* Assets.xcassets in Resources */ = {isa = PBXBuildFile; fileRef = 254DB2D82B76EF0A00B0B76B /* Assets.xcassets */; };
		254DB2DC2B76EF0A00B0B76B /* LaunchScreen.storyboard in Resources */ = {isa = PBXBuildFile; fileRef = 254DB2DA2B76EF0A00B0B76B /* LaunchScreen.storyboard */; };
		254DB2E72B76EF0A00B0B76B /* LoginTests.swift in Sources */ = {isa = PBXBuildFile; fileRef = 254DB2E62B76EF0A00B0B76B /* LoginTests.swift */; };
		254DB2F12B76EF0A00B0B76B /* LoginUITests.swift in Sources */ = {isa = PBXBuildFile; fileRef = 254DB2F02B76EF0A00B0B76B /* LoginUITests.swift */; };
		254DB2F32B76EF0A00B0B76B /* LoginUITestsLaunchTests.swift in Sources */ = {isa = PBXBuildFile; fileRef = 254DB2F22B76EF0A00B0B76B /* LoginUITestsLaunchTests.swift */; };
		254DB3002B76EFB900B0B76B /* LoginViewController.swift in Sources */ = {isa = PBXBuildFile; fileRef = 254DB2FF2B76EFB900B0B76B /* LoginViewController.swift */; };
		254DB3022B76EFC500B0B76B /* Login.storyboard in Resources */ = {isa = PBXBuildFile; fileRef = 254DB3012B76EFC500B0B76B /* Login.storyboard */; };
		254DB3042B772FF800B0B76B /* CalculatorViewController.swift in Sources */ = {isa = PBXBuildFile; fileRef = 254DB3032B772FF800B0B76B /* CalculatorViewController.swift */; };
		254DB3062B7867D700B0B76B /* Model.swift in Sources */ = {isa = PBXBuildFile; fileRef = 254DB3052B7867D700B0B76B /* Model.swift */; };
		254DB3082B78680B00B0B76B /* EnumType.swift in Sources */ = {isa = PBXBuildFile; fileRef = 254DB3072B78680A00B0B76B /* EnumType.swift */; };
		254DB30A2B7893B500B0B76B /* ImageChangeViewController.swift in Sources */ = {isa = PBXBuildFile; fileRef = 254DB3092B7893B500B0B76B /* ImageChangeViewController.swift */; };
		254DB30E2B7CDB7300B0B76B /* CanScrollViewController.swift in Sources */ = {isa = PBXBuildFile; fileRef = 254DB30D2B7CDB7300B0B76B /* CanScrollViewController.swift */; };
/* End PBXBuildFile section */

/* Begin PBXContainerItemProxy section */
		254DB2E32B76EF0A00B0B76B /* PBXContainerItemProxy */ = {
			isa = PBXContainerItemProxy;
			containerPortal = 254DB2C42B76EF0800B0B76B /* Project object */;
			proxyType = 1;
			remoteGlobalIDString = 254DB2CB2B76EF0800B0B76B;
			remoteInfo = Login;
		};
		254DB2ED2B76EF0A00B0B76B /* PBXContainerItemProxy */ = {
			isa = PBXContainerItemProxy;
			containerPortal = 254DB2C42B76EF0800B0B76B /* Project object */;
			proxyType = 1;
			remoteGlobalIDString = 254DB2CB2B76EF0800B0B76B;
			remoteInfo = Login;
		};
/* End PBXContainerItemProxy section */

/* Begin PBXFileReference section */
		254DB2CC2B76EF0800B0B76B /* Login.app */ = {isa = PBXFileReference; explicitFileType = wrapper.application; includeInIndex = 0; path = Login.app; sourceTree = BUILT_PRODUCTS_DIR; };
		254DB2CF2B76EF0800B0B76B /* AppDelegate.swift */ = {isa = PBXFileReference; lastKnownFileType = sourcecode.swift; path = AppDelegate.swift; sourceTree = "<group>"; };
		254DB2D12B76EF0800B0B76B /* SceneDelegate.swift */ = {isa = PBXFileReference; lastKnownFileType = sourcecode.swift; path = SceneDelegate.swift; sourceTree = "<group>"; };
		254DB2D82B76EF0A00B0B76B /* Assets.xcassets */ = {isa = PBXFileReference; lastKnownFileType = folder.assetcatalog; path = Assets.xcassets; sourceTree = "<group>"; };
		254DB2DB2B76EF0A00B0B76B /* Base */ = {isa = PBXFileReference; lastKnownFileType = file.storyboard; name = Base; path = Base.lproj/LaunchScreen.storyboard; sourceTree = "<group>"; };
		254DB2DD2B76EF0A00B0B76B /* Info.plist */ = {isa = PBXFileReference; lastKnownFileType = text.plist.xml; path = Info.plist; sourceTree = "<group>"; };
		254DB2E22B76EF0A00B0B76B /* LoginTests.xctest */ = {isa = PBXFileReference; explicitFileType = wrapper.cfbundle; includeInIndex = 0; path = LoginTests.xctest; sourceTree = BUILT_PRODUCTS_DIR; };
		254DB2E62B76EF0A00B0B76B /* LoginTests.swift */ = {isa = PBXFileReference; lastKnownFileType = sourcecode.swift; path = LoginTests.swift; sourceTree = "<group>"; };
		254DB2EC2B76EF0A00B0B76B /* LoginUITests.xctest */ = {isa = PBXFileReference; explicitFileType = wrapper.cfbundle; includeInIndex = 0; path = LoginUITests.xctest; sourceTree = BUILT_PRODUCTS_DIR; };
		254DB2F02B76EF0A00B0B76B /* LoginUITests.swift */ = {isa = PBXFileReference; lastKnownFileType = sourcecode.swift; path = LoginUITests.swift; sourceTree = "<group>"; };
		254DB2F22B76EF0A00B0B76B /* LoginUITestsLaunchTests.swift */ = {isa = PBXFileReference; lastKnownFileType = sourcecode.swift; path = LoginUITestsLaunchTests.swift; sourceTree = "<group>"; };
		254DB2FF2B76EFB900B0B76B /* LoginViewController.swift */ = {isa = PBXFileReference; lastKnownFileType = sourcecode.swift; path = LoginViewController.swift; sourceTree = "<group>"; };
		254DB3012B76EFC500B0B76B /* Login.storyboard */ = {isa = PBXFileReference; lastKnownFileType = file.storyboard; path = Login.storyboard; sourceTree = "<group>"; };
		254DB3032B772FF800B0B76B /* CalculatorViewController.swift */ = {isa = PBXFileReference; lastKnownFileType = sourcecode.swift; path = CalculatorViewController.swift; sourceTree = "<group>"; };
		254DB3052B7867D700B0B76B /* Model.swift */ = {isa = PBXFileReference; lastKnownFileType = sourcecode.swift; path = Model.swift; sourceTree = "<group>"; };
		254DB3072B78680A00B0B76B /* EnumType.swift */ = {isa = PBXFileReference; lastKnownFileType = sourcecode.swift; path = EnumType.swift; sourceTree = "<group>"; };
		254DB3092B7893B500B0B76B /* ImageChangeViewController.swift */ = {isa = PBXFileReference; lastKnownFileType = sourcecode.swift; path = ImageChangeViewController.swift; sourceTree = "<group>"; };
		254DB30D2B7CDB7300B0B76B /* CanScrollViewController.swift */ = {isa = PBXFileReference; lastKnownFileType = sourcecode.swift; path = CanScrollViewController.swift; sourceTree = "<group>"; };
/* End PBXFileReference section */

/* Begin PBXFrameworksBuildPhase section */
		254DB2C92B76EF0800B0B76B /* Frameworks */ = {
			isa = PBXFrameworksBuildPhase;
			buildActionMask = 2147483647;
			files = (
			);
			runOnlyForDeploymentPostprocessing = 0;
		};
		254DB2DF2B76EF0A00B0B76B /* Frameworks */ = {
			isa = PBXFrameworksBuildPhase;
			buildActionMask = 2147483647;
			files = (
			);
			runOnlyForDeploymentPostprocessing = 0;
		};
		254DB2E92B76EF0A00B0B76B /* Frameworks */ = {
			isa = PBXFrameworksBuildPhase;
			buildActionMask = 2147483647;
			files = (
			);
			runOnlyForDeploymentPostprocessing = 0;
		};
/* End PBXFrameworksBuildPhase section */

/* Begin PBXGroup section */
		254DB2C32B76EF0800B0B76B = {
			isa = PBXGroup;
			children = (
				254DB2CE2B76EF0800B0B76B /* Login */,
				254DB2E52B76EF0A00B0B76B /* LoginTests */,
				254DB2EF2B76EF0A00B0B76B /* LoginUITests */,
				254DB2CD2B76EF0800B0B76B /* Products */,
			);
			sourceTree = "<group>";
		};
		254DB2CD2B76EF0800B0B76B /* Products */ = {
			isa = PBXGroup;
			children = (
				254DB2CC2B76EF0800B0B76B /* Login.app */,
				254DB2E22B76EF0A00B0B76B /* LoginTests.xctest */,
				254DB2EC2B76EF0A00B0B76B /* LoginUITests.xctest */,
			);
			name = Products;
			sourceTree = "<group>";
		};
		254DB2CE2B76EF0800B0B76B /* Login */ = {
			isa = PBXGroup;
			children = (
				254DB3072B78680A00B0B76B /* EnumType.swift */,
				254DB3052B7867D700B0B76B /* Model.swift */,
				254DB2FF2B76EFB900B0B76B /* LoginViewController.swift */,
				254DB3012B76EFC500B0B76B /* Login.storyboard */,
				254DB30D2B7CDB7300B0B76B /* CanScrollViewController.swift */,
				254DB3092B7893B500B0B76B /* ImageChangeViewController.swift */,
				254DB3032B772FF800B0B76B /* CalculatorViewController.swift */,
				254DB2D82B76EF0A00B0B76B /* Assets.xcassets */,
				254DB2DA2B76EF0A00B0B76B /* LaunchScreen.storyboard */,
				254DB2D12B76EF0800B0B76B /* SceneDelegate.swift */,
				254DB2CF2B76EF0800B0B76B /* AppDelegate.swift */,
				254DB2DD2B76EF0A00B0B76B /* Info.plist */,
			);
			path = Login;
			sourceTree = "<group>";
		};
		254DB2E52B76EF0A00B0B76B /* LoginTests */ = {
			isa = PBXGroup;
			children = (
				254DB2E62B76EF0A00B0B76B /* LoginTests.swift */,
			);
			path = LoginTests;
			sourceTree = "<group>";
		};
		254DB2EF2B76EF0A00B0B76B /* LoginUITests */ = {
			isa = PBXGroup;
			children = (
				254DB2F02B76EF0A00B0B76B /* LoginUITests.swift */,
				254DB2F22B76EF0A00B0B76B /* LoginUITestsLaunchTests.swift */,
			);
			path = LoginUITests;
			sourceTree = "<group>";
		};
/* End PBXGroup section */

/* Begin PBXNativeTarget section */
		254DB2CB2B76EF0800B0B76B /* Login */ = {
			isa = PBXNativeTarget;
			buildConfigurationList = 254DB2F62B76EF0A00B0B76B /* Build configuration list for PBXNativeTarget "Login" */;
			buildPhases = (
				254DB2C82B76EF0800B0B76B /* Sources */,
				254DB2C92B76EF0800B0B76B /* Frameworks */,
				254DB2CA2B76EF0800B0B76B /* Resources */,
			);
			buildRules = (
			);
			dependencies = (
			);
			name = Login;
			productName = Login;
			productReference = 254DB2CC2B76EF0800B0B76B /* Login.app */;
			productType = "com.apple.product-type.application";
		};
		254DB2E12B76EF0A00B0B76B /* LoginTests */ = {
			isa = PBXNativeTarget;
			buildConfigurationList = 254DB2F92B76EF0A00B0B76B /* Build configuration list for PBXNativeTarget "LoginTests" */;
			buildPhases = (
				254DB2DE2B76EF0A00B0B76B /* Sources */,
				254DB2DF2B76EF0A00B0B76B /* Frameworks */,
				254DB2E02B76EF0A00B0B76B /* Resources */,
			);
			buildRules = (
			);
			dependencies = (
				254DB2E42B76EF0A00B0B76B /* PBXTargetDependency */,
			);
			name = LoginTests;
			productName = LoginTests;
			productReference = 254DB2E22B76EF0A00B0B76B /* LoginTests.xctest */;
			productType = "com.apple.product-type.bundle.unit-test";
		};
		254DB2EB2B76EF0A00B0B76B /* LoginUITests */ = {
			isa = PBXNativeTarget;
			buildConfigurationList = 254DB2FC2B76EF0A00B0B76B /* Build configuration list for PBXNativeTarget "LoginUITests" */;
			buildPhases = (
				254DB2E82B76EF0A00B0B76B /* Sources */,
				254DB2E92B76EF0A00B0B76B /* Frameworks */,
				254DB2EA2B76EF0A00B0B76B /* Resources */,
			);
			buildRules = (
			);
			dependencies = (
				254DB2EE2B76EF0A00B0B76B /* PBXTargetDependency */,
			);
			name = LoginUITests;
			productName = LoginUITests;
			productReference = 254DB2EC2B76EF0A00B0B76B /* LoginUITests.xctest */;
			productType = "com.apple.product-type.bundle.ui-testing";
		};
/* End PBXNativeTarget section */

/* Begin PBXProject section */
		254DB2C42B76EF0800B0B76B /* Project object */ = {
			isa = PBXProject;
			attributes = {
				BuildIndependentTargetsInParallel = 1;
				LastSwiftUpdateCheck = 1520;
				LastUpgradeCheck = 1520;
				TargetAttributes = {
					254DB2CB2B76EF0800B0B76B = {
						CreatedOnToolsVersion = 15.2;
					};
					254DB2E12B76EF0A00B0B76B = {
						CreatedOnToolsVersion = 15.2;
						TestTargetID = 254DB2CB2B76EF0800B0B76B;
					};
					254DB2EB2B76EF0A00B0B76B = {
						CreatedOnToolsVersion = 15.2;
						TestTargetID = 254DB2CB2B76EF0800B0B76B;
					};
				};
			};
			buildConfigurationList = 254DB2C72B76EF0800B0B76B /* Build configuration list for PBXProject "Login" */;
			compatibilityVersion = "Xcode 14.0";
			developmentRegion = en;
			hasScannedForEncodings = 0;
			knownRegions = (
				en,
				Base,
			);
			mainGroup = 254DB2C32B76EF0800B0B76B;
			productRefGroup = 254DB2CD2B76EF0800B0B76B /* Products */;
			projectDirPath = "";
			projectRoot = "";
			targets = (
				254DB2CB2B76EF0800B0B76B /* Login */,
				254DB2E12B76EF0A00B0B76B /* LoginTests */,
				254DB2EB2B76EF0A00B0B76B /* LoginUITests */,
			);
		};
/* End PBXProject section */

/* Begin PBXResourcesBuildPhase section */
		254DB2CA2B76EF0800B0B76B /* Resources */ = {
			isa = PBXResourcesBuildPhase;
			buildActionMask = 2147483647;
			files = (
				254DB2DC2B76EF0A00B0B76B /* LaunchScreen.storyboard in Resources */,
				254DB2D92B76EF0A00B0B76B /* Assets.xcassets in Resources */,
				254DB3022B76EFC500B0B76B /* Login.storyboard in Resources */,
			);
			runOnlyForDeploymentPostprocessing = 0;
		};
		254DB2E02B76EF0A00B0B76B /* Resources */ = {
			isa = PBXResourcesBuildPhase;
			buildActionMask = 2147483647;
			files = (
			);
			runOnlyForDeploymentPostprocessing = 0;
		};
		254DB2EA2B76EF0A00B0B76B /* Resources */ = {
			isa = PBXResourcesBuildPhase;
			buildActionMask = 2147483647;
			files = (
			);
			runOnlyForDeploymentPostprocessing = 0;
		};
/* End PBXResourcesBuildPhase section */

/* Begin PBXSourcesBuildPhase section */
		254DB2C82B76EF0800B0B76B /* Sources */ = {
			isa = PBXSourcesBuildPhase;
			buildActionMask = 2147483647;
			files = (
				254DB30E2B7CDB7300B0B76B /* CanScrollViewController.swift in Sources */,
				254DB3062B7867D700B0B76B /* Model.swift in Sources */,
				254DB3002B76EFB900B0B76B /* LoginViewController.swift in Sources */,
				254DB3082B78680B00B0B76B /* EnumType.swift in Sources */,
				254DB2D02B76EF0800B0B76B /* AppDelegate.swift in Sources */,
				254DB3042B772FF800B0B76B /* CalculatorViewController.swift in Sources */,
				254DB2D22B76EF0800B0B76B /* SceneDelegate.swift in Sources */,
				254DB30A2B7893B500B0B76B /* ImageChangeViewController.swift in Sources */,
			);
			runOnlyForDeploymentPostprocessing = 0;
		};
		254DB2DE2B76EF0A00B0B76B /* Sources */ = {
			isa = PBXSourcesBuildPhase;
			buildActionMask = 2147483647;
			files = (
				254DB2E72B76EF0A00B0B76B /* LoginTests.swift in Sources */,
			);
			runOnlyForDeploymentPostprocessing = 0;
		};
		254DB2E82B76EF0A00B0B76B /* Sources */ = {
			isa = PBXSourcesBuildPhase;
			buildActionMask = 2147483647;
			files = (
				254DB2F32B76EF0A00B0B76B /* LoginUITestsLaunchTests.swift in Sources */,
				254DB2F12B76EF0A00B0B76B /* LoginUITests.swift in Sources */,
			);
			runOnlyForDeploymentPostprocessing = 0;
		};
/* End PBXSourcesBuildPhase section */

/* Begin PBXTargetDependency section */
		254DB2E42B76EF0A00B0B76B /* PBXTargetDependency */ = {
			isa = PBXTargetDependency;
			target = 254DB2CB2B76EF0800B0B76B /* Login */;
			targetProxy = 254DB2E32B76EF0A00B0B76B /* PBXContainerItemProxy */;
		};
		254DB2EE2B76EF0A00B0B76B /* PBXTargetDependency */ = {
			isa = PBXTargetDependency;
			target = 254DB2CB2B76EF0800B0B76B /* Login */;
			targetProxy = 254DB2ED2B76EF0A00B0B76B /* PBXContainerItemProxy */;
		};
/* End PBXTargetDependency section */

/* Begin PBXVariantGroup section */
		254DB2DA2B76EF0A00B0B76B /* LaunchScreen.storyboard */ = {
			isa = PBXVariantGroup;
			children = (
				254DB2DB2B76EF0A00B0B76B /* Base */,
			);
			name = LaunchScreen.storyboard;
			sourceTree = "<group>";
		};
/* End PBXVariantGroup section */

/* Begin XCBuildConfiguration section */
		254DB2F42B76EF0A00B0B76B /* Debug */ = {
			isa = XCBuildConfiguration;
			buildSettings = {
				ALWAYS_SEARCH_USER_PATHS = NO;
				ASSETCATALOG_COMPILER_GENERATE_SWIFT_ASSET_SYMBOL_EXTENSIONS = YES;
				CLANG_ANALYZER_NONNULL = YES;
				CLANG_ANALYZER_NUMBER_OBJECT_CONVERSION = YES_AGGRESSIVE;
				CLANG_CXX_LANGUAGE_STANDARD = "gnu++20";
				CLANG_ENABLE_MODULES = YES;
				CLANG_ENABLE_OBJC_ARC = YES;
				CLANG_ENABLE_OBJC_WEAK = YES;
				CLANG_WARN_BLOCK_CAPTURE_AUTORELEASING = YES;
				CLANG_WARN_BOOL_CONVERSION = YES;
				CLANG_WARN_COMMA = YES;
				CLANG_WARN_CONSTANT_CONVERSION = YES;
				CLANG_WARN_DEPRECATED_OBJC_IMPLEMENTATIONS = YES;
				CLANG_WARN_DIRECT_OBJC_ISA_USAGE = YES_ERROR;
				CLANG_WARN_DOCUMENTATION_COMMENTS = YES;
				CLANG_WARN_EMPTY_BODY = YES;
				CLANG_WARN_ENUM_CONVERSION = YES;
				CLANG_WARN_INFINITE_RECURSION = YES;
				CLANG_WARN_INT_CONVERSION = YES;
				CLANG_WARN_NON_LITERAL_NULL_CONVERSION = YES;
				CLANG_WARN_OBJC_IMPLICIT_RETAIN_SELF = YES;
				CLANG_WARN_OBJC_LITERAL_CONVERSION = YES;
				CLANG_WARN_OBJC_ROOT_CLASS = YES_ERROR;
				CLANG_WARN_QUOTED_INCLUDE_IN_FRAMEWORK_HEADER = YES;
				CLANG_WARN_RANGE_LOOP_ANALYSIS = YES;
				CLANG_WARN_STRICT_PROTOTYPES = YES;
				CLANG_WARN_SUSPICIOUS_MOVE = YES;
				CLANG_WARN_UNGUARDED_AVAILABILITY = YES_AGGRESSIVE;
				CLANG_WARN_UNREACHABLE_CODE = YES;
				CLANG_WARN__DUPLICATE_METHOD_MATCH = YES;
				COPY_PHASE_STRIP = NO;
				DEBUG_INFORMATION_FORMAT = dwarf;
				ENABLE_STRICT_OBJC_MSGSEND = YES;
				ENABLE_TESTABILITY = YES;
				ENABLE_USER_SCRIPT_SANDBOXING = YES;
				GCC_C_LANGUAGE_STANDARD = gnu17;
				GCC_DYNAMIC_NO_PIC = NO;
				GCC_NO_COMMON_BLOCKS = YES;
				GCC_OPTIMIZATION_LEVEL = 0;
				GCC_PREPROCESSOR_DEFINITIONS = (
					"DEBUG=1",
					"$(inherited)",
				);
				GCC_WARN_64_TO_32_BIT_CONVERSION = YES;
				GCC_WARN_ABOUT_RETURN_TYPE = YES_ERROR;
				GCC_WARN_UNDECLARED_SELECTOR = YES;
				GCC_WARN_UNINITIALIZED_AUTOS = YES_AGGRESSIVE;
				GCC_WARN_UNUSED_FUNCTION = YES;
				GCC_WARN_UNUSED_VARIABLE = YES;
				IPHONEOS_DEPLOYMENT_TARGET = 17.2;
				LOCALIZATION_PREFERS_STRING_CATALOGS = YES;
				MTL_ENABLE_DEBUG_INFO = INCLUDE_SOURCE;
				MTL_FAST_MATH = YES;
				ONLY_ACTIVE_ARCH = YES;
				SDKROOT = iphoneos;
				SWIFT_ACTIVE_COMPILATION_CONDITIONS = "DEBUG $(inherited)";
				SWIFT_OPTIMIZATION_LEVEL = "-Onone";
			};
			name = Debug;
		};
		254DB2F52B76EF0A00B0B76B /* Release */ = {
			isa = XCBuildConfiguration;
			buildSettings = {
				ALWAYS_SEARCH_USER_PATHS = NO;
				ASSETCATALOG_COMPILER_GENERATE_SWIFT_ASSET_SYMBOL_EXTENSIONS = YES;
				CLANG_ANALYZER_NONNULL = YES;
				CLANG_ANALYZER_NUMBER_OBJECT_CONVERSION = YES_AGGRESSIVE;
				CLANG_CXX_LANGUAGE_STANDARD = "gnu++20";
				CLANG_ENABLE_MODULES = YES;
				CLANG_ENABLE_OBJC_ARC = YES;
				CLANG_ENABLE_OBJC_WEAK = YES;
				CLANG_WARN_BLOCK_CAPTURE_AUTORELEASING = YES;
				CLANG_WARN_BOOL_CONVERSION = YES;
				CLANG_WARN_COMMA = YES;
				CLANG_WARN_CONSTANT_CONVERSION = YES;
				CLANG_WARN_DEPRECATED_OBJC_IMPLEMENTATIONS = YES;
				CLANG_WARN_DIRECT_OBJC_ISA_USAGE = YES_ERROR;
				CLANG_WARN_DOCUMENTATION_COMMENTS = YES;
				CLANG_WARN_EMPTY_BODY = YES;
				CLANG_WARN_ENUM_CONVERSION = YES;
				CLANG_WARN_INFINITE_RECURSION = YES;
				CLANG_WARN_INT_CONVERSION = YES;
				CLANG_WARN_NON_LITERAL_NULL_CONVERSION = YES;
				CLANG_WARN_OBJC_IMPLICIT_RETAIN_SELF = YES;
				CLANG_WARN_OBJC_LITERAL_CONVERSION = YES;
				CLANG_WARN_OBJC_ROOT_CLASS = YES_ERROR;
				CLANG_WARN_QUOTED_INCLUDE_IN_FRAMEWORK_HEADER = YES;
				CLANG_WARN_RANGE_LOOP_ANALYSIS = YES;
				CLANG_WARN_STRICT_PROTOTYPES = YES;
				CLANG_WARN_SUSPICIOUS_MOVE = YES;
				CLANG_WARN_UNGUARDED_AVAILABILITY = YES_AGGRESSIVE;
				CLANG_WARN_UNREACHABLE_CODE = YES;
				CLANG_WARN__DUPLICATE_METHOD_MATCH = YES;
				COPY_PHASE_STRIP = NO;
				DEBUG_INFORMATION_FORMAT = "dwarf-with-dsym";
				ENABLE_NS_ASSERTIONS = NO;
				ENABLE_STRICT_OBJC_MSGSEND = YES;
				ENABLE_USER_SCRIPT_SANDBOXING = YES;
				GCC_C_LANGUAGE_STANDARD = gnu17;
				GCC_NO_COMMON_BLOCKS = YES;
				GCC_WARN_64_TO_32_BIT_CONVERSION = YES;
				GCC_WARN_ABOUT_RETURN_TYPE = YES_ERROR;
				GCC_WARN_UNDECLARED_SELECTOR = YES;
				GCC_WARN_UNINITIALIZED_AUTOS = YES_AGGRESSIVE;
				GCC_WARN_UNUSED_FUNCTION = YES;
				GCC_WARN_UNUSED_VARIABLE = YES;
				IPHONEOS_DEPLOYMENT_TARGET = 17.2;
				LOCALIZATION_PREFERS_STRING_CATALOGS = YES;
				MTL_ENABLE_DEBUG_INFO = NO;
				MTL_FAST_MATH = YES;
				SDKROOT = iphoneos;
				SWIFT_COMPILATION_MODE = wholemodule;
				VALIDATE_PRODUCT = YES;
			};
			name = Release;
		};
		254DB2F72B76EF0A00B0B76B /* Debug */ = {
			isa = XCBuildConfiguration;
			buildSettings = {
				ASSETCATALOG_COMPILER_APPICON_NAME = AppIcon;
				ASSETCATALOG_COMPILER_GLOBAL_ACCENT_COLOR_NAME = AccentColor;
				CODE_SIGN_STYLE = Automatic;
				CURRENT_PROJECT_VERSION = 1;
				DEVELOPMENT_TEAM = K94W73YTUH;
				GENERATE_INFOPLIST_FILE = YES;
				INFOPLIST_FILE = Login/Info.plist;
				INFOPLIST_KEY_UIApplicationSupportsIndirectInputEvents = YES;
				INFOPLIST_KEY_UILaunchStoryboardName = LaunchScreen;
				INFOPLIST_KEY_UISupportedInterfaceOrientations_iPad = "UIInterfaceOrientationPortrait UIInterfaceOrientationPortraitUpsideDown UIInterfaceOrientationLandscapeLeft UIInterfaceOrientationLandscapeRight";
				INFOPLIST_KEY_UISupportedInterfaceOrientations_iPhone = "UIInterfaceOrientationPortrait UIInterfaceOrientationLandscapeLeft UIInterfaceOrientationLandscapeRight";
				LD_RUNPATH_SEARCH_PATHS = (
					"$(inherited)",
					"@executable_path/Frameworks",
				);
				MARKETING_VERSION = 1.0;
				PRODUCT_BUNDLE_IDENTIFIER = jinchengsi.Login;
				PRODUCT_NAME = "$(TARGET_NAME)";
				SWIFT_EMIT_LOC_STRINGS = YES;
				SWIFT_VERSION = 5.0;
				TARGETED_DEVICE_FAMILY = "1,2";
			};
			name = Debug;
		};
		254DB2F82B76EF0A00B0B76B /* Release */ = {
			isa = XCBuildConfiguration;
			buildSettings = {
				ASSETCATALOG_COMPILER_APPICON_NAME = AppIcon;
				ASSETCATALOG_COMPILER_GLOBAL_ACCENT_COLOR_NAME = AccentColor;
				CODE_SIGN_STYLE = Automatic;
				CURRENT_PROJECT_VERSION = 1;
				DEVELOPMENT_TEAM = K94W73YTUH;
				GENERATE_INFOPLIST_FILE = YES;
				INFOPLIST_FILE = Login/Info.plist;
				INFOPLIST_KEY_UIApplicationSupportsIndirectInputEvents = YES;
				INFOPLIST_KEY_UILaunchStoryboardName = LaunchScreen;
				INFOPLIST_KEY_UISupportedInterfaceOrientations_iPad = "UIInterfaceOrientationPortrait UIInterfaceOrientationPortraitUpsideDown UIInterfaceOrientationLandscapeLeft UIInterfaceOrientationLandscapeRight";
				INFOPLIST_KEY_UISupportedInterfaceOrientations_iPhone = "UIInterfaceOrientationPortrait UIInterfaceOrientationLandscapeLeft UIInterfaceOrientationLandscapeRight";
				LD_RUNPATH_SEARCH_PATHS = (
					"$(inherited)",
					"@executable_path/Frameworks",
				);
				MARKETING_VERSION = 1.0;
				PRODUCT_BUNDLE_IDENTIFIER = jinchengsi.Login;
				PRODUCT_NAME = "$(TARGET_NAME)";
				SWIFT_EMIT_LOC_STRINGS = YES;
				SWIFT_VERSION = 5.0;
				TARGETED_DEVICE_FAMILY = "1,2";
			};
			name = Release;
		};
		254DB2FA2B76EF0A00B0B76B /* Debug */ = {
			isa = XCBuildConfiguration;
			buildSettings = {
				ALWAYS_EMBED_SWIFT_STANDARD_LIBRARIES = YES;
				BUNDLE_LOADER = "$(TEST_HOST)";
				CODE_SIGN_STYLE = Automatic;
				CURRENT_PROJECT_VERSION = 1;
				DEVELOPMENT_TEAM = K94W73YTUH;
				GENERATE_INFOPLIST_FILE = YES;
				IPHONEOS_DEPLOYMENT_TARGET = 17.2;
				MARKETING_VERSION = 1.0;
				PRODUCT_BUNDLE_IDENTIFIER = jinchengsi.LoginTests;
				PRODUCT_NAME = "$(TARGET_NAME)";
				SWIFT_EMIT_LOC_STRINGS = NO;
				SWIFT_VERSION = 5.0;
				TARGETED_DEVICE_FAMILY = "1,2";
				TEST_HOST = "$(BUILT_PRODUCTS_DIR)/Login.app/$(BUNDLE_EXECUTABLE_FOLDER_PATH)/Login";
			};
			name = Debug;
		};
		254DB2FB2B76EF0A00B0B76B /* Release */ = {
			isa = XCBuildConfiguration;
			buildSettings = {
				ALWAYS_EMBED_SWIFT_STANDARD_LIBRARIES = YES;
				BUNDLE_LOADER = "$(TEST_HOST)";
				CODE_SIGN_STYLE = Automatic;
				CURRENT_PROJECT_VERSION = 1;
				DEVELOPMENT_TEAM = K94W73YTUH;
				GENERATE_INFOPLIST_FILE = YES;
				IPHONEOS_DEPLOYMENT_TARGET = 17.2;
				MARKETING_VERSION = 1.0;
				PRODUCT_BUNDLE_IDENTIFIER = jinchengsi.LoginTests;
				PRODUCT_NAME = "$(TARGET_NAME)";
				SWIFT_EMIT_LOC_STRINGS = NO;
				SWIFT_VERSION = 5.0;
				TARGETED_DEVICE_FAMILY = "1,2";
				TEST_HOST = "$(BUILT_PRODUCTS_DIR)/Login.app/$(BUNDLE_EXECUTABLE_FOLDER_PATH)/Login";
			};
			name = Release;
		};
		254DB2FD2B76EF0A00B0B76B /* Debug */ = {
			isa = XCBuildConfiguration;
			buildSettings = {
				ALWAYS_EMBED_SWIFT_STANDARD_LIBRARIES = YES;
				CODE_SIGN_STYLE = Automatic;
				CURRENT_PROJECT_VERSION = 1;
				DEVELOPMENT_TEAM = K94W73YTUH;
				GENERATE_INFOPLIST_FILE = YES;
				MARKETING_VERSION = 1.0;
				PRODUCT_BUNDLE_IDENTIFIER = jinchengsi.LoginUITests;
				PRODUCT_NAME = "$(TARGET_NAME)";
				SWIFT_EMIT_LOC_STRINGS = NO;
				SWIFT_VERSION = 5.0;
				TARGETED_DEVICE_FAMILY = "1,2";
				TEST_TARGET_NAME = Login;
			};
			name = Debug;
		};
		254DB2FE2B76EF0A00B0B76B /* Release */ = {
			isa = XCBuildConfiguration;
			buildSettings = {
				ALWAYS_EMBED_SWIFT_STANDARD_LIBRARIES = YES;
				CODE_SIGN_STYLE = Automatic;
				CURRENT_PROJECT_VERSION = 1;
				DEVELOPMENT_TEAM = K94W73YTUH;
				GENERATE_INFOPLIST_FILE = YES;
				MARKETING_VERSION = 1.0;
				PRODUCT_BUNDLE_IDENTIFIER = jinchengsi.LoginUITests;
				PRODUCT_NAME = "$(TARGET_NAME)";
				SWIFT_EMIT_LOC_STRINGS = NO;
				SWIFT_VERSION = 5.0;
				TARGETED_DEVICE_FAMILY = "1,2";
				TEST_TARGET_NAME = Login;
			};
			name = Release;
		};
/* End XCBuildConfiguration section */

/* Begin XCConfigurationList section */
		254DB2C72B76EF0800B0B76B /* Build configuration list for PBXProject "Login" */ = {
			isa = XCConfigurationList;
			buildConfigurations = (
				254DB2F42B76EF0A00B0B76B /* Debug */,
				254DB2F52B76EF0A00B0B76B /* Release */,
			);
			defaultConfigurationIsVisible = 0;
			defaultConfigurationName = Release;
		};
		254DB2F62B76EF0A00B0B76B /* Build configuration list for PBXNativeTarget "Login" */ = {
			isa = XCConfigurationList;
			buildConfigurations = (
				254DB2F72B76EF0A00B0B76B /* Debug */,
				254DB2F82B76EF0A00B0B76B /* Release */,
			);
			defaultConfigurationIsVisible = 0;
			defaultConfigurationName = Release;
		};
		254DB2F92B76EF0A00B0B76B /* Build configuration list for PBXNativeTarget "LoginTests" */ = {
			isa = XCConfigurationList;
			buildConfigurations = (
				254DB2FA2B76EF0A00B0B76B /* Debug */,
				254DB2FB2B76EF0A00B0B76B /* Release */,
			);
			defaultConfigurationIsVisible = 0;
			defaultConfigurationName = Release;
		};
		254DB2FC2B76EF0A00B0B76B /* Build configuration list for PBXNativeTarget "LoginUITests" */ = {
			isa = XCConfigurationList;
			buildConfigurations = (
				254DB2FD2B76EF0A00B0B76B /* Debug */,
				254DB2FE2B76EF0A00B0B76B /* Release */,
			);
			defaultConfigurationIsVisible = 0;
			defaultConfigurationName = Release;
		};
/* End XCConfigurationList section */
	};
	rootObject = 254DB2C42B76EF0800B0B76B /* Project object */;
}
