// !$*UTF8*$!
{
	archiveVersion = 1;
	classes = {
	};
	objectVersion = 56;
	objects = {

/* Begin PBXBuildFile section */
		252832682B9BFEE000746AD9 /* Service.storyboard in Resources */ = {isa = PBXBuildFile; fileRef = 252832672B9BFEE000746AD9 /* Service.storyboard */; };
		2528326A2B9BFF0300746AD9 /* ServiceViewController.swift in Sources */ = {isa = PBXBuildFile; fileRef = 252832692B9BFF0300746AD9 /* ServiceViewController.swift */; };
		2528326C2B9C2B6F00746AD9 /* ShowWebViewController.swift in Sources */ = {isa = PBXBuildFile; fileRef = 2528326B2B9C2B6F00746AD9 /* ShowWebViewController.swift */; };
		2528326E2B9C2B7D00746AD9 /* ShowWeb.storyboard in Resources */ = {isa = PBXBuildFile; fileRef = 2528326D2B9C2B7D00746AD9 /* ShowWeb.storyboard */; };
		254DB2D02B76EF0800B0B76B /* AppDelegate.swift in Sources */ = {isa = PBXBuildFile; fileRef = 254DB2CF2B76EF0800B0B76B /* AppDelegate.swift */; };
		254DB2D22B76EF0800B0B76B /* SceneDelegate.swift in Sources */ = {isa = PBXBuildFile; fileRef = 254DB2D12B76EF0800B0B76B /* SceneDelegate.swift */; };
		254DB2D92B76EF0A00B0B76B /* Assets.xcassets in Resources */ = {isa = PBXBuildFile; fileRef = 254DB2D82B76EF0A00B0B76B /* Assets.xcassets */; };
		254DB2DC2B76EF0A00B0B76B /* LaunchScreen.storyboard in Resources */ = {isa = PBXBuildFile; fileRef = 254DB2DA2B76EF0A00B0B76B /* LaunchScreen.storyboard */; };
		254DB2E72B76EF0A00B0B76B /* LoginTests.swift in Sources */ = {isa = PBXBuildFile; fileRef = 254DB2E62B76EF0A00B0B76B /* LoginTests.swift */; };
		254DB2F12B76EF0A00B0B76B /* LoginUITests.swift in Sources */ = {isa = PBXBuildFile; fileRef = 254DB2F02B76EF0A00B0B76B /* LoginUITests.swift */; };
		254DB2F32B76EF0A00B0B76B /* LoginUITestsLaunchTests.swift in Sources */ = {isa = PBXBuildFile; fileRef = 254DB2F22B76EF0A00B0B76B /* LoginUITestsLaunchTests.swift */; };
		254DB3002B76EFB900B0B76B /* LoginViewController.swift in Sources */ = {isa = PBXBuildFile; fileRef = 254DB2FF2B76EFB900B0B76B /* LoginViewController.swift */; };
		254DB3022B76EFC500B0B76B /* Login.storyboard in Resources */ = {isa = PBXBuildFile; fileRef = 254DB3012B76EFC500B0B76B /* Login.storyboard */; };
		254DB3042B772FF800B0B76B /* CalculatorViewController.swift in Sources */ = {isa = PBXBuildFile; fileRef = 254DB3032B772FF800B0B76B /* CalculatorViewController.swift */; };
		254DB3062B7867D700B0B76B /* Model.swift in Sources */ = {isa = PBXBuildFile; fileRef = 254DB3052B7867D700B0B76B /* Model.swift */; };
		254DB3082B78680B00B0B76B /* EnumType.swift in Sources */ = {isa = PBXBuildFile; fileRef = 254DB3072B78680A00B0B76B /* EnumType.swift */; };
		254DB30A2B7893B500B0B76B /* ImageChangeViewController.swift in Sources */ = {isa = PBXBuildFile; fileRef = 254DB3092B7893B500B0B76B /* ImageChangeViewController.swift */; };
		254DB30E2B7CDB7300B0B76B /* CanScrollViewController.swift in Sources */ = {isa = PBXBuildFile; fileRef = 254DB30D2B7CDB7300B0B76B /* CanScrollViewController.swift */; };
		254DB31A2B80727400B0B76B /* MainChatListTableViewCell.swift in Sources */ = {isa = PBXBuildFile; fileRef = 254DB3192B80727400B0B76B /* MainChatListTableViewCell.swift */; };
		254DB31D2B8083E100B0B76B /* ConnectTableViewCell.swift in Sources */ = {isa = PBXBuildFile; fileRef = 254DB31B2B8083E100B0B76B /* ConnectTableViewCell.swift */; };
		254DB31E2B8083E100B0B76B /* ConnectTableViewCell.xib in Resources */ = {isa = PBXBuildFile; fileRef = 254DB31C2B8083E100B0B76B /* ConnectTableViewCell.xib */; };
		254DB3262B81A33500B0B76B /* MeTableViewCell.swift in Sources */ = {isa = PBXBuildFile; fileRef = 254DB3242B81A33500B0B76B /* MeTableViewCell.swift */; };
		254DB3272B81A33500B0B76B /* MeTableViewCell.xib in Resources */ = {isa = PBXBuildFile; fileRef = 254DB3252B81A33500B0B76B /* MeTableViewCell.xib */; };
		254DB3292B81A68600B0B76B /* MyViewController.swift in Sources */ = {isa = PBXBuildFile; fileRef = 254DB3282B81A68600B0B76B /* MyViewController.swift */; };
		254DB3302B898E7D00B0B76B /* FriendViewController.swift in Sources */ = {isa = PBXBuildFile; fileRef = 254DB32F2B898E7D00B0B76B /* FriendViewController.swift */; };
		254DB3332B898EAA00B0B76B /* FriendTableViewCell.swift in Sources */ = {isa = PBXBuildFile; fileRef = 254DB3312B898EAA00B0B76B /* FriendTableViewCell.swift */; };
		254DB3342B898EAA00B0B76B /* FriendTableViewCell.xib in Resources */ = {isa = PBXBuildFile; fileRef = 254DB3322B898EAA00B0B76B /* FriendTableViewCell.xib */; };
		254DB3362B89B16600B0B76B /* FriendViewModel.swift in Sources */ = {isa = PBXBuildFile; fileRef = 254DB3352B89B16600B0B76B /* FriendViewModel.swift */; };
		254DB3392B921ED100B0B76B /* FriendDetailViewController.storyboard in Resources */ = {isa = PBXBuildFile; fileRef = 254DB3382B921ED100B0B76B /* FriendDetailViewController.storyboard */; };
		254DB33B2B921EE900B0B76B /* FriendDetailViewController.swift in Sources */ = {isa = PBXBuildFile; fileRef = 254DB33A2B921EE900B0B76B /* FriendDetailViewController.swift */; };
		254DB33E2B92FF9200B0B76B /* SendDataProtocol.swift in Sources */ = {isa = PBXBuildFile; fileRef = 254DB33D2B92FF9200B0B76B /* SendDataProtocol.swift */; };
		25AE9A4C2B9405DC004A3BA5 /* FriendDetailCell.swift in Sources */ = {isa = PBXBuildFile; fileRef = 25AE9A4B2B9405DC004A3BA5 /* FriendDetailCell.swift */; };
		25AE9A4F2B94170A004A3BA5 /* DeleteFriendDetailTableViewCell.swift in Sources */ = {isa = PBXBuildFile; fileRef = 25AE9A4D2B94170A004A3BA5 /* DeleteFriendDetailTableViewCell.swift */; };
		25AE9A502B94170A004A3BA5 /* DeleteFriendDetailTableViewCell.xib in Resources */ = {isa = PBXBuildFile; fileRef = 25AE9A4E2B94170A004A3BA5 /* DeleteFriendDetailTableViewCell.xib */; };
		25AE9A522B9447DB004A3BA5 /* ImageCollectionViewCell.swift in Sources */ = {isa = PBXBuildFile; fileRef = 25AE9A512B9447DB004A3BA5 /* ImageCollectionViewCell.swift */; };
		85DD90ECE61F77530CAD7F77 /* Pods_Login_LoginUITests.framework in Frameworks */ = {isa = PBXBuildFile; fileRef = 293FABC17F53DF188A097775 /* Pods_Login_LoginUITests.framework */; };
		9D4E029A084B69C10C19D0A3 /* Pods_LoginTests.framework in Frameworks */ = {isa = PBXBuildFile; fileRef = C102781E22821D25EAC74D5A /* Pods_LoginTests.framework */; };
		D1305EA14D0A851997412433 /* Pods_Login.framework in Frameworks */ = {isa = PBXBuildFile; fileRef = 4CB5D51215661ED9FC2DF5C5 /* Pods_Login.framework */; };
/* End PBXBuildFile section */

/* Begin PBXContainerItemProxy section */
		254DB2E32B76EF0A00B0B76B /* PBXContainerItemProxy */ = {
			isa = PBXContainerItemProxy;
			containerPortal = 254DB2C42B76EF0800B0B76B /* Project object */;
			proxyType = 1;
			remoteGlobalIDString = 254DB2CB2B76EF0800B0B76B;
			remoteInfo = Login;
		};
		254DB2ED2B76EF0A00B0B76B /* PBXContainerItemProxy */ = {
			isa = PBXContainerItemProxy;
			containerPortal = 254DB2C42B76EF0800B0B76B /* Project object */;
			proxyType = 1;
			remoteGlobalIDString = 254DB2CB2B76EF0800B0B76B;
			remoteInfo = Login;
		};
/* End PBXContainerItemProxy section */

/* Begin PBXFileReference section */
		252832672B9BFEE000746AD9 /* Service.storyboard */ = {isa = PBXFileReference; lastKnownFileType = file.storyboard; path = Service.storyboard; sourceTree = "<group>"; };
		252832692B9BFF0300746AD9 /* ServiceViewController.swift */ = {isa = PBXFileReference; lastKnownFileType = sourcecode.swift; path = ServiceViewController.swift; sourceTree = "<group>"; };
		2528326B2B9C2B6F00746AD9 /* ShowWebViewController.swift */ = {isa = PBXFileReference; lastKnownFileType = sourcecode.swift; path = ShowWebViewController.swift; sourceTree = "<group>"; };
		2528326D2B9C2B7D00746AD9 /* ShowWeb.storyboard */ = {isa = PBXFileReference; lastKnownFileType = file.storyboard; path = ShowWeb.storyboard; sourceTree = "<group>"; };
		254DB2CC2B76EF0800B0B76B /* Login.app */ = {isa = PBXFileReference; explicitFileType = wrapper.application; includeInIndex = 0; path = Login.app; sourceTree = BUILT_PRODUCTS_DIR; };
		254DB2CF2B76EF0800B0B76B /* AppDelegate.swift */ = {isa = PBXFileReference; lastKnownFileType = sourcecode.swift; path = AppDelegate.swift; sourceTree = "<group>"; };
		254DB2D12B76EF0800B0B76B /* SceneDelegate.swift */ = {isa = PBXFileReference; lastKnownFileType = sourcecode.swift; path = SceneDelegate.swift; sourceTree = "<group>"; };
		254DB2D82B76EF0A00B0B76B /* Assets.xcassets */ = {isa = PBXFileReference; lastKnownFileType = folder.assetcatalog; path = Assets.xcassets; sourceTree = "<group>"; };
		254DB2DB2B76EF0A00B0B76B /* Base */ = {isa = PBXFileReference; lastKnownFileType = file.storyboard; name = Base; path = Base.lproj/LaunchScreen.storyboard; sourceTree = "<group>"; };
		254DB2DD2B76EF0A00B0B76B /* Info.plist */ = {isa = PBXFileReference; lastKnownFileType = text.plist.xml; path = Info.plist; sourceTree = "<group>"; };
		254DB2E22B76EF0A00B0B76B /* LoginTests.xctest */ = {isa = PBXFileReference; explicitFileType = wrapper.cfbundle; includeInIndex = 0; path = LoginTests.xctest; sourceTree = BUILT_PRODUCTS_DIR; };
		254DB2E62B76EF0A00B0B76B /* LoginTests.swift */ = {isa = PBXFileReference; lastKnownFileType = sourcecode.swift; path = LoginTests.swift; sourceTree = "<group>"; };
		254DB2EC2B76EF0A00B0B76B /* LoginUITests.xctest */ = {isa = PBXFileReference; explicitFileType = wrapper.cfbundle; includeInIndex = 0; path = LoginUITests.xctest; sourceTree = BUILT_PRODUCTS_DIR; };
		254DB2F02B76EF0A00B0B76B /* LoginUITests.swift */ = {isa = PBXFileReference; lastKnownFileType = sourcecode.swift; path = LoginUITests.swift; sourceTree = "<group>"; };
		254DB2F22B76EF0A00B0B76B /* LoginUITestsLaunchTests.swift */ = {isa = PBXFileReference; lastKnownFileType = sourcecode.swift; path = LoginUITestsLaunchTests.swift; sourceTree = "<group>"; };
		254DB2FF2B76EFB900B0B76B /* LoginViewController.swift */ = {isa = PBXFileReference; lastKnownFileType = sourcecode.swift; path = LoginViewController.swift; sourceTree = "<group>"; };
		254DB3012B76EFC500B0B76B /* Login.storyboard */ = {isa = PBXFileReference; lastKnownFileType = file.storyboard; path = Login.storyboard; sourceTree = "<group>"; };
		254DB3032B772FF800B0B76B /* CalculatorViewController.swift */ = {isa = PBXFileReference; lastKnownFileType = sourcecode.swift; path = CalculatorViewController.swift; sourceTree = "<group>"; };
		254DB3052B7867D700B0B76B /* Model.swift */ = {isa = PBXFileReference; lastKnownFileType = sourcecode.swift; path = Model.swift; sourceTree = "<group>"; };
		254DB3072B78680A00B0B76B /* EnumType.swift */ = {isa = PBXFileReference; lastKnownFileType = sourcecode.swift; path = EnumType.swift; sourceTree = "<group>"; };
		254DB3092B7893B500B0B76B /* ImageChangeViewController.swift */ = {isa = PBXFileReference; lastKnownFileType = sourcecode.swift; path = ImageChangeViewController.swift; sourceTree = "<group>"; };
		254DB30D2B7CDB7300B0B76B /* CanScrollViewController.swift */ = {isa = PBXFileReference; lastKnownFileType = sourcecode.swift; path = CanScrollViewController.swift; sourceTree = "<group>"; };
		254DB3192B80727400B0B76B /* MainChatListTableViewCell.swift */ = {isa = PBXFileReference; lastKnownFileType = sourcecode.swift; path = MainChatListTableViewCell.swift; sourceTree = "<group>"; };
		254DB31B2B8083E100B0B76B /* ConnectTableViewCell.swift */ = {isa = PBXFileReference; lastKnownFileType = sourcecode.swift; path = ConnectTableViewCell.swift; sourceTree = "<group>"; };
		254DB31C2B8083E100B0B76B /* ConnectTableViewCell.xib */ = {isa = PBXFileReference; lastKnownFileType = file.xib; path = ConnectTableViewCell.xib; sourceTree = "<group>"; };
		254DB3242B81A33500B0B76B /* MeTableViewCell.swift */ = {isa = PBXFileReference; lastKnownFileType = sourcecode.swift; path = MeTableViewCell.swift; sourceTree = "<group>"; };
		254DB3252B81A33500B0B76B /* MeTableViewCell.xib */ = {isa = PBXFileReference; lastKnownFileType = file.xib; path = MeTableViewCell.xib; sourceTree = "<group>"; };
		254DB3282B81A68600B0B76B /* MyViewController.swift */ = {isa = PBXFileReference; lastKnownFileType = sourcecode.swift; path = MyViewController.swift; sourceTree = "<group>"; };
		254DB32F2B898E7D00B0B76B /* FriendViewController.swift */ = {isa = PBXFileReference; lastKnownFileType = sourcecode.swift; path = FriendViewController.swift; sourceTree = "<group>"; };
		254DB3312B898EAA00B0B76B /* FriendTableViewCell.swift */ = {isa = PBXFileReference; lastKnownFileType = sourcecode.swift; path = FriendTableViewCell.swift; sourceTree = "<group>"; };
		254DB3322B898EAA00B0B76B /* FriendTableViewCell.xib */ = {isa = PBXFileReference; lastKnownFileType = file.xib; path = FriendTableViewCell.xib; sourceTree = "<group>"; };
		254DB3352B89B16600B0B76B /* FriendViewModel.swift */ = {isa = PBXFileReference; lastKnownFileType = sourcecode.swift; path = FriendViewModel.swift; sourceTree = "<group>"; };
		254DB3382B921ED100B0B76B /* FriendDetailViewController.storyboard */ = {isa = PBXFileReference; lastKnownFileType = file.storyboard; path = FriendDetailViewController.storyboard; sourceTree = "<group>"; };
		254DB33A2B921EE900B0B76B /* FriendDetailViewController.swift */ = {isa = PBXFileReference; lastKnownFileType = sourcecode.swift; path = FriendDetailViewController.swift; sourceTree = "<group>"; };
		254DB33D2B92FF9200B0B76B /* SendDataProtocol.swift */ = {isa = PBXFileReference; lastKnownFileType = sourcecode.swift; path = SendDataProtocol.swift; sourceTree = "<group>"; };
		25AE9A4B2B9405DC004A3BA5 /* FriendDetailCell.swift */ = {isa = PBXFileReference; lastKnownFileType = sourcecode.swift; path = FriendDetailCell.swift; sourceTree = "<group>"; };
		25AE9A4D2B94170A004A3BA5 /* DeleteFriendDetailTableViewCell.swift */ = {isa = PBXFileReference; lastKnownFileType = sourcecode.swift; path = DeleteFriendDetailTableViewCell.swift; sourceTree = "<group>"; };
		25AE9A4E2B94170A004A3BA5 /* DeleteFriendDetailTableViewCell.xib */ = {isa = PBXFileReference; lastKnownFileType = file.xib; path = DeleteFriendDetailTableViewCell.xib; sourceTree = "<group>"; };
		25AE9A512B9447DB004A3BA5 /* ImageCollectionViewCell.swift */ = {isa = PBXFileReference; lastKnownFileType = sourcecode.swift; path = ImageCollectionViewCell.swift; sourceTree = "<group>"; };
		25DCE3562B1063433A65A296 /* Pods-Login.release.xcconfig */ = {isa = PBXFileReference; includeInIndex = 1; lastKnownFileType = text.xcconfig; name = "Pods-Login.release.xcconfig"; path = "Target Support Files/Pods-Login/Pods-Login.release.xcconfig"; sourceTree = "<group>"; };
		293FABC17F53DF188A097775 /* Pods_Login_LoginUITests.framework */ = {isa = PBXFileReference; explicitFileType = wrapper.framework; includeInIndex = 0; path = Pods_Login_LoginUITests.framework; sourceTree = BUILT_PRODUCTS_DIR; };
		4CB5D51215661ED9FC2DF5C5 /* Pods_Login.framework */ = {isa = PBXFileReference; explicitFileType = wrapper.framework; includeInIndex = 0; path = Pods_Login.framework; sourceTree = BUILT_PRODUCTS_DIR; };
		630D529FDAB856118489F525 /* Pods-LoginTests.debug.xcconfig */ = {isa = PBXFileReference; includeInIndex = 1; lastKnownFileType = text.xcconfig; name = "Pods-LoginTests.debug.xcconfig"; path = "Target Support Files/Pods-LoginTests/Pods-LoginTests.debug.xcconfig"; sourceTree = "<group>"; };
		9EF7C8118229686C3932ADA2 /* Pods-Login-LoginUITests.release.xcconfig */ = {isa = PBXFileReference; includeInIndex = 1; lastKnownFileType = text.xcconfig; name = "Pods-Login-LoginUITests.release.xcconfig"; path = "Target Support Files/Pods-Login-LoginUITests/Pods-Login-LoginUITests.release.xcconfig"; sourceTree = "<group>"; };
		B93084D1CA0C948FF2E0A09C /* Pods-LoginTests.release.xcconfig */ = {isa = PBXFileReference; includeInIndex = 1; lastKnownFileType = text.xcconfig; name = "Pods-LoginTests.release.xcconfig"; path = "Target Support Files/Pods-LoginTests/Pods-LoginTests.release.xcconfig"; sourceTree = "<group>"; };
		C102781E22821D25EAC74D5A /* Pods_LoginTests.framework */ = {isa = PBXFileReference; explicitFileType = wrapper.framework; includeInIndex = 0; path = Pods_LoginTests.framework; sourceTree = BUILT_PRODUCTS_DIR; };
		C93CA961D01799EC852953C7 /* Pods-Login.debug.xcconfig */ = {isa = PBXFileReference; includeInIndex = 1; lastKnownFileType = text.xcconfig; name = "Pods-Login.debug.xcconfig"; path = "Target Support Files/Pods-Login/Pods-Login.debug.xcconfig"; sourceTree = "<group>"; };
		F7A01AFA7EA7A70965BECD0D /* Pods-Login-LoginUITests.debug.xcconfig */ = {isa = PBXFileReference; includeInIndex = 1; lastKnownFileType = text.xcconfig; name = "Pods-Login-LoginUITests.debug.xcconfig"; path = "Target Support Files/Pods-Login-LoginUITests/Pods-Login-LoginUITests.debug.xcconfig"; sourceTree = "<group>"; };
/* End PBXFileReference section */

/* Begin PBXFrameworksBuildPhase section */
		254DB2C92B76EF0800B0B76B /* Frameworks */ = {
			isa = PBXFrameworksBuildPhase;
			buildActionMask = 2147483647;
			files = (
				D1305EA14D0A851997412433 /* Pods_Login.framework in Frameworks */,
			);
			runOnlyForDeploymentPostprocessing = 0;
		};
		254DB2DF2B76EF0A00B0B76B /* Frameworks */ = {
			isa = PBXFrameworksBuildPhase;
			buildActionMask = 2147483647;
			files = (
				9D4E029A084B69C10C19D0A3 /* Pods_LoginTests.framework in Frameworks */,
			);
			runOnlyForDeploymentPostprocessing = 0;
		};
		254DB2E92B76EF0A00B0B76B /* Frameworks */ = {
			isa = PBXFrameworksBuildPhase;
			buildActionMask = 2147483647;
			files = (
				85DD90ECE61F77530CAD7F77 /* Pods_Login_LoginUITests.framework in Frameworks */,
			);
			runOnlyForDeploymentPostprocessing = 0;
		};
/* End PBXFrameworksBuildPhase section */

/* Begin PBXGroup section */
		254DB2C32B76EF0800B0B76B = {
			isa = PBXGroup;
			children = (
				254DB2CE2B76EF0800B0B76B /* Login */,
				254DB2E52B76EF0A00B0B76B /* LoginTests */,
				254DB2EF2B76EF0A00B0B76B /* LoginUITests */,
				254DB2CD2B76EF0800B0B76B /* Products */,
				E029AB7F5590012C3E50A8B3 /* Pods */,
				51F3392E6C48A612916ACDD8 /* Frameworks */,
			);
			sourceTree = "<group>";
		};
		254DB2CD2B76EF0800B0B76B /* Products */ = {
			isa = PBXGroup;
			children = (
				254DB2CC2B76EF0800B0B76B /* Login.app */,
				254DB2E22B76EF0A00B0B76B /* LoginTests.xctest */,
				254DB2EC2B76EF0A00B0B76B /* LoginUITests.xctest */,
			);
			name = Products;
			sourceTree = "<group>";
		};
		254DB2CE2B76EF0800B0B76B /* Login */ = {
			isa = PBXGroup;
			children = (
				254DB33C2B92FEB500B0B76B /* Protocol */,
				254DB32E2B898E6500B0B76B /* Friend */,
				254DB3222B8198A200B0B76B /* Calculator */,
				254DB3212B81988000B0B76B /* ImageVIew */,
				254DB3202B81984B00B0B76B /* Connect */,
				254DB31F2B81982C00B0B76B /* Model */,
				254DB2FF2B76EFB900B0B76B /* LoginViewController.swift */,
				254DB3232B819D9800B0B76B /* Me */,
				254DB3012B76EFC500B0B76B /* Login.storyboard */,
				254DB2D82B76EF0A00B0B76B /* Assets.xcassets */,
				254DB2DA2B76EF0A00B0B76B /* LaunchScreen.storyboard */,
				254DB2D12B76EF0800B0B76B /* SceneDelegate.swift */,
				254DB2CF2B76EF0800B0B76B /* AppDelegate.swift */,
				254DB2DD2B76EF0A00B0B76B /* Info.plist */,
			);
			path = Login;
			sourceTree = "<group>";
		};
		254DB2E52B76EF0A00B0B76B /* LoginTests */ = {
			isa = PBXGroup;
			children = (
				254DB2E62B76EF0A00B0B76B /* LoginTests.swift */,
			);
			path = LoginTests;
			sourceTree = "<group>";
		};
		254DB2EF2B76EF0A00B0B76B /* LoginUITests */ = {
			isa = PBXGroup;
			children = (
				254DB2F02B76EF0A00B0B76B /* LoginUITests.swift */,
				254DB2F22B76EF0A00B0B76B /* LoginUITestsLaunchTests.swift */,
			);
			path = LoginUITests;
			sourceTree = "<group>";
		};
		254DB31F2B81982C00B0B76B /* Model */ = {
			isa = PBXGroup;
			children = (
				254DB3072B78680A00B0B76B /* EnumType.swift */,
				254DB3052B7867D700B0B76B /* Model.swift */,
			);
			path = Model;
			sourceTree = "<group>";
		};
		254DB3202B81984B00B0B76B /* Connect */ = {
			isa = PBXGroup;
			children = (
				254DB30D2B7CDB7300B0B76B /* CanScrollViewController.swift */,
				254DB3192B80727400B0B76B /* MainChatListTableViewCell.swift */,
				254DB31B2B8083E100B0B76B /* ConnectTableViewCell.swift */,
				254DB31C2B8083E100B0B76B /* ConnectTableViewCell.xib */,
			);
			path = Connect;
			sourceTree = "<group>";
		};
		254DB3212B81988000B0B76B /* ImageVIew */ = {
			isa = PBXGroup;
			children = (
				254DB3092B7893B500B0B76B /* ImageChangeViewController.swift */,
				25AE9A512B9447DB004A3BA5 /* ImageCollectionViewCell.swift */,
			);
			path = ImageVIew;
			sourceTree = "<group>";
		};
		254DB3222B8198A200B0B76B /* Calculator */ = {
			isa = PBXGroup;
			children = (
				254DB3032B772FF800B0B76B /* CalculatorViewController.swift */,
			);
			path = Calculator;
			sourceTree = "<group>";
		};
		254DB3232B819D9800B0B76B /* Me */ = {
			isa = PBXGroup;
			children = (
				254DB3242B81A33500B0B76B /* MeTableViewCell.swift */,
				254DB3252B81A33500B0B76B /* MeTableViewCell.xib */,
				254DB3282B81A68600B0B76B /* MyViewController.swift */,
				252832672B9BFEE000746AD9 /* Service.storyboard */,
				252832692B9BFF0300746AD9 /* ServiceViewController.swift */,
				2528326B2B9C2B6F00746AD9 /* ShowWebViewController.swift */,
				2528326D2B9C2B7D00746AD9 /* ShowWeb.storyboard */,
			);
			path = Me;
			sourceTree = "<group>";
		};
		254DB32E2B898E6500B0B76B /* Friend */ = {
			isa = PBXGroup;
			children = (
				254DB32F2B898E7D00B0B76B /* FriendViewController.swift */,
				254DB3382B921ED100B0B76B /* FriendDetailViewController.storyboard */,
				254DB33A2B921EE900B0B76B /* FriendDetailViewController.swift */,
				254DB3312B898EAA00B0B76B /* FriendTableViewCell.swift */,
				254DB3322B898EAA00B0B76B /* FriendTableViewCell.xib */,
				254DB3352B89B16600B0B76B /* FriendViewModel.swift */,
				25AE9A4B2B9405DC004A3BA5 /* FriendDetailCell.swift */,
				25AE9A4D2B94170A004A3BA5 /* DeleteFriendDetailTableViewCell.swift */,
				25AE9A4E2B94170A004A3BA5 /* DeleteFriendDetailTableViewCell.xib */,
			);
			path = Friend;
			sourceTree = "<group>";
		};
		254DB33C2B92FEB500B0B76B /* Protocol */ = {
			isa = PBXGroup;
			children = (
				254DB33D2B92FF9200B0B76B /* SendDataProtocol.swift */,
			);
			path = Protocol;
			sourceTree = "<group>";
		};
		51F3392E6C48A612916ACDD8 /* Frameworks */ = {
			isa = PBXGroup;
			children = (
				4CB5D51215661ED9FC2DF5C5 /* Pods_Login.framework */,
				293FABC17F53DF188A097775 /* Pods_Login_LoginUITests.framework */,
				C102781E22821D25EAC74D5A /* Pods_LoginTests.framework */,
			);
			name = Frameworks;
			sourceTree = "<group>";
		};
		E029AB7F5590012C3E50A8B3 /* Pods */ = {
			isa = PBXGroup;
			children = (
				C93CA961D01799EC852953C7 /* Pods-Login.debug.xcconfig */,
				25DCE3562B1063433A65A296 /* Pods-Login.release.xcconfig */,
				F7A01AFA7EA7A70965BECD0D /* Pods-Login-LoginUITests.debug.xcconfig */,
				9EF7C8118229686C3932ADA2 /* Pods-Login-LoginUITests.release.xcconfig */,
				630D529FDAB856118489F525 /* Pods-LoginTests.debug.xcconfig */,
				B93084D1CA0C948FF2E0A09C /* Pods-LoginTests.release.xcconfig */,
			);
			path = Pods;
			sourceTree = "<group>";
		};
/* End PBXGroup section */

/* Begin PBXNativeTarget section */
		254DB2CB2B76EF0800B0B76B /* Login */ = {
			isa = PBXNativeTarget;
			buildConfigurationList = 254DB2F62B76EF0A00B0B76B /* Build configuration list for PBXNativeTarget "Login" */;
			buildPhases = (
				CAC88E24E2D4551945C71BD8 /* [CP] Check Pods Manifest.lock */,
				254DB2C82B76EF0800B0B76B /* Sources */,
				254DB2C92B76EF0800B0B76B /* Frameworks */,
				254DB2CA2B76EF0800B0B76B /* Resources */,
			);
			buildRules = (
			);
			dependencies = (
			);
			name = Login;
			productName = Login;
			productReference = 254DB2CC2B76EF0800B0B76B /* Login.app */;
			productType = "com.apple.product-type.application";
		};
		254DB2E12B76EF0A00B0B76B /* LoginTests */ = {
			isa = PBXNativeTarget;
			buildConfigurationList = 254DB2F92B76EF0A00B0B76B /* Build configuration list for PBXNativeTarget "LoginTests" */;
			buildPhases = (
				AC08C6B1BDD77C88A6B1B749 /* [CP] Check Pods Manifest.lock */,
				254DB2DE2B76EF0A00B0B76B /* Sources */,
				254DB2DF2B76EF0A00B0B76B /* Frameworks */,
				254DB2E02B76EF0A00B0B76B /* Resources */,
			);
			buildRules = (
			);
			dependencies = (
				254DB2E42B76EF0A00B0B76B /* PBXTargetDependency */,
			);
			name = LoginTests;
			productName = LoginTests;
			productReference = 254DB2E22B76EF0A00B0B76B /* LoginTests.xctest */;
			productType = "com.apple.product-type.bundle.unit-test";
		};
		254DB2EB2B76EF0A00B0B76B /* LoginUITests */ = {
			isa = PBXNativeTarget;
			buildConfigurationList = 254DB2FC2B76EF0A00B0B76B /* Build configuration list for PBXNativeTarget "LoginUITests" */;
			buildPhases = (
				F58B789059218E4E76E4A5EA /* [CP] Check Pods Manifest.lock */,
				254DB2E82B76EF0A00B0B76B /* Sources */,
				254DB2E92B76EF0A00B0B76B /* Frameworks */,
				254DB2EA2B76EF0A00B0B76B /* Resources */,
			);
			buildRules = (
			);
			dependencies = (
				254DB2EE2B76EF0A00B0B76B /* PBXTargetDependency */,
			);
			name = LoginUITests;
			productName = LoginUITests;
			productReference = 254DB2EC2B76EF0A00B0B76B /* LoginUITests.xctest */;
			productType = "com.apple.product-type.bundle.ui-testing";
		};
/* End PBXNativeTarget section */

/* Begin PBXProject section */
		254DB2C42B76EF0800B0B76B /* Project object */ = {
			isa = PBXProject;
			attributes = {
				BuildIndependentTargetsInParallel = 1;
				LastSwiftUpdateCheck = 1520;
				LastUpgradeCheck = 1520;
				TargetAttributes = {
					254DB2CB2B76EF0800B0B76B = {
						CreatedOnToolsVersion = 15.2;
					};
					254DB2E12B76EF0A00B0B76B = {
						CreatedOnToolsVersion = 15.2;
						TestTargetID = 254DB2CB2B76EF0800B0B76B;
					};
					254DB2EB2B76EF0A00B0B76B = {
						CreatedOnToolsVersion = 15.2;
						TestTargetID = 254DB2CB2B76EF0800B0B76B;
					};
				};
			};
			buildConfigurationList = 254DB2C72B76EF0800B0B76B /* Build configuration list for PBXProject "Login" */;
			compatibilityVersion = "Xcode 14.0";
			developmentRegion = en;
			hasScannedForEncodings = 0;
			knownRegions = (
				en,
				Base,
			);
			mainGroup = 254DB2C32B76EF0800B0B76B;
			productRefGroup = 254DB2CD2B76EF0800B0B76B /* Products */;
			projectDirPath = "";
			projectRoot = "";
			targets = (
				254DB2CB2B76EF0800B0B76B /* Login */,
				254DB2E12B76EF0A00B0B76B /* LoginTests */,
				254DB2EB2B76EF0A00B0B76B /* LoginUITests */,
			);
		};
/* End PBXProject section */

/* Begin PBXResourcesBuildPhase section */
		254DB2CA2B76EF0800B0B76B /* Resources */ = {
			isa = PBXResourcesBuildPhase;
			buildActionMask = 2147483647;
			files = (
				252832682B9BFEE000746AD9 /* Service.storyboard in Resources */,
				254DB3272B81A33500B0B76B /* MeTableViewCell.xib in Resources */,
				254DB3342B898EAA00B0B76B /* FriendTableViewCell.xib in Resources */,
				254DB2DC2B76EF0A00B0B76B /* LaunchScreen.storyboard in Resources */,
				2528326E2B9C2B7D00746AD9 /* ShowWeb.storyboard in Resources */,
				254DB2D92B76EF0A00B0B76B /* Assets.xcassets in Resources */,
				254DB3392B921ED100B0B76B /* FriendDetailViewController.storyboard in Resources */,
				25AE9A502B94170A004A3BA5 /* DeleteFriendDetailTableViewCell.xib in Resources */,
				254DB31E2B8083E100B0B76B /* ConnectTableViewCell.xib in Resources */,
				254DB3022B76EFC500B0B76B /* Login.storyboard in Resources */,
			);
			runOnlyForDeploymentPostprocessing = 0;
		};
		254DB2E02B76EF0A00B0B76B /* Resources */ = {
			isa = PBXResourcesBuildPhase;
			buildActionMask = 2147483647;
			files = (
			);
			runOnlyForDeploymentPostprocessing = 0;
		};
		254DB2EA2B76EF0A00B0B76B /* Resources */ = {
			isa = PBXResourcesBuildPhase;
			buildActionMask = 2147483647;
			files = (
			);
			runOnlyForDeploymentPostprocessing = 0;
		};
/* End PBXResourcesBuildPhase section */

/* Begin PBXShellScriptBuildPhase section */
		AC08C6B1BDD77C88A6B1B749 /* [CP] Check Pods Manifest.lock */ = {
			isa = PBXShellScriptBuildPhase;
			buildActionMask = 2147483647;
			files = (
			);
			inputFileListPaths = (
			);
			inputPaths = (
				"${PODS_PODFILE_DIR_PATH}/Podfile.lock",
				"${PODS_ROOT}/Manifest.lock",
			);
			name = "[CP] Check Pods Manifest.lock";
			outputFileListPaths = (
			);
			outputPaths = (
				"$(DERIVED_FILE_DIR)/Pods-LoginTests-checkManifestLockResult.txt",
			);
			runOnlyForDeploymentPostprocessing = 0;
			shellPath = /bin/sh;
			shellScript = "diff \"${PODS_PODFILE_DIR_PATH}/Podfile.lock\" \"${PODS_ROOT}/Manifest.lock\" > /dev/null\nif [ $? != 0 ] ; then\n    # print error to STDERR\n    echo \"error: The sandbox is not in sync with the Podfile.lock. Run 'pod install' or update your CocoaPods installation.\" >&2\n    exit 1\nfi\n# This output is used by Xcode 'outputs' to avoid re-running this script phase.\necho \"SUCCESS\" > \"${SCRIPT_OUTPUT_FILE_0}\"\n";
			showEnvVarsInLog = 0;
		};
		CAC88E24E2D4551945C71BD8 /* [CP] Check Pods Manifest.lock */ = {
			isa = PBXShellScriptBuildPhase;
			buildActionMask = 2147483647;
			files = (
			);
			inputFileListPaths = (
			);
			inputPaths = (
				"${PODS_PODFILE_DIR_PATH}/Podfile.lock",
				"${PODS_ROOT}/Manifest.lock",
			);
			name = "[CP] Check Pods Manifest.lock";
			outputFileListPaths = (
			);
			outputPaths = (
				"$(DERIVED_FILE_DIR)/Pods-Login-checkManifestLockResult.txt",
			);
			runOnlyForDeploymentPostprocessing = 0;
			shellPath = /bin/sh;
			shellScript = "diff \"${PODS_PODFILE_DIR_PATH}/Podfile.lock\" \"${PODS_ROOT}/Manifest.lock\" > /dev/null\nif [ $? != 0 ] ; then\n    # print error to STDERR\n    echo \"error: The sandbox is not in sync with the Podfile.lock. Run 'pod install' or update your CocoaPods installation.\" >&2\n    exit 1\nfi\n# This output is used by Xcode 'outputs' to avoid re-running this script phase.\necho \"SUCCESS\" > \"${SCRIPT_OUTPUT_FILE_0}\"\n";
			showEnvVarsInLog = 0;
		};
		F58B789059218E4E76E4A5EA /* [CP] Check Pods Manifest.lock */ = {
			isa = PBXShellScriptBuildPhase;
			buildActionMask = 2147483647;
			files = (
			);
			inputFileListPaths = (
			);
			inputPaths = (
				"${PODS_PODFILE_DIR_PATH}/Podfile.lock",
				"${PODS_ROOT}/Manifest.lock",
			);
			name = "[CP] Check Pods Manifest.lock";
			outputFileListPaths = (
			);
			outputPaths = (
				"$(DERIVED_FILE_DIR)/Pods-Login-LoginUITests-checkManifestLockResult.txt",
			);
			runOnlyForDeploymentPostprocessing = 0;
			shellPath = /bin/sh;
			shellScript = "diff \"${PODS_PODFILE_DIR_PATH}/Podfile.lock\" \"${PODS_ROOT}/Manifest.lock\" > /dev/null\nif [ $? != 0 ] ; then\n    # print error to STDERR\n    echo \"error: The sandbox is not in sync with the Podfile.lock. Run 'pod install' or update your CocoaPods installation.\" >&2\n    exit 1\nfi\n# This output is used by Xcode 'outputs' to avoid re-running this script phase.\necho \"SUCCESS\" > \"${SCRIPT_OUTPUT_FILE_0}\"\n";
			showEnvVarsInLog = 0;
		};
/* End PBXShellScriptBuildPhase section */

/* Begin PBXSourcesBuildPhase section */
		254DB2C82B76EF0800B0B76B /* Sources */ = {
			isa = PBXSourcesBuildPhase;
			buildActionMask = 2147483647;
			files = (
				254DB30E2B7CDB7300B0B76B /* CanScrollViewController.swift in Sources */,
				254DB3062B7867D700B0B76B /* Model.swift in Sources */,
				254DB3302B898E7D00B0B76B /* FriendViewController.swift in Sources */,
				254DB31A2B80727400B0B76B /* MainChatListTableViewCell.swift in Sources */,
				254DB3002B76EFB900B0B76B /* LoginViewController.swift in Sources */,
				25AE9A4F2B94170A004A3BA5 /* DeleteFriendDetailTableViewCell.swift in Sources */,
				25AE9A522B9447DB004A3BA5 /* ImageCollectionViewCell.swift in Sources */,
				254DB33E2B92FF9200B0B76B /* SendDataProtocol.swift in Sources */,
				254DB3362B89B16600B0B76B /* FriendViewModel.swift in Sources */,
				254DB3262B81A33500B0B76B /* MeTableViewCell.swift in Sources */,
				254DB3082B78680B00B0B76B /* EnumType.swift in Sources */,
				2528326A2B9BFF0300746AD9 /* ServiceViewController.swift in Sources */,
				254DB2D02B76EF0800B0B76B /* AppDelegate.swift in Sources */,
				254DB31D2B8083E100B0B76B /* ConnectTableViewCell.swift in Sources */,
				2528326C2B9C2B6F00746AD9 /* ShowWebViewController.swift in Sources */,
				254DB33B2B921EE900B0B76B /* FriendDetailViewController.swift in Sources */,
				25AE9A4C2B9405DC004A3BA5 /* FriendDetailCell.swift in Sources */,
				254DB3042B772FF800B0B76B /* CalculatorViewController.swift in Sources */,
				254DB2D22B76EF0800B0B76B /* SceneDelegate.swift in Sources */,
				254DB3292B81A68600B0B76B /* MyViewController.swift in Sources */,
				254DB30A2B7893B500B0B76B /* ImageChangeViewController.swift in Sources */,
				254DB3332B898EAA00B0B76B /* FriendTableViewCell.swift in Sources */,
			);
			runOnlyForDeploymentPostprocessing = 0;
		};
		254DB2DE2B76EF0A00B0B76B /* Sources */ = {
			isa = PBXSourcesBuildPhase;
			buildActionMask = 2147483647;
			files = (
				254DB2E72B76EF0A00B0B76B /* LoginTests.swift in Sources */,
			);
			runOnlyForDeploymentPostprocessing = 0;
		};
		254DB2E82B76EF0A00B0B76B /* Sources */ = {
			isa = PBXSourcesBuildPhase;
			buildActionMask = 2147483647;
			files = (
				254DB2F32B76EF0A00B0B76B /* LoginUITestsLaunchTests.swift in Sources */,
				254DB2F12B76EF0A00B0B76B /* LoginUITests.swift in Sources */,
			);
			runOnlyForDeploymentPostprocessing = 0;
		};
/* End PBXSourcesBuildPhase section */

/* Begin PBXTargetDependency section */
		254DB2E42B76EF0A00B0B76B /* PBXTargetDependency */ = {
			isa = PBXTargetDependency;
			target = 254DB2CB2B76EF0800B0B76B /* Login */;
			targetProxy = 254DB2E32B76EF0A00B0B76B /* PBXContainerItemProxy */;
		};
		254DB2EE2B76EF0A00B0B76B /* PBXTargetDependency */ = {
			isa = PBXTargetDependency;
			target = 254DB2CB2B76EF0800B0B76B /* Login */;
			targetProxy = 254DB2ED2B76EF0A00B0B76B /* PBXContainerItemProxy */;
		};
/* End PBXTargetDependency section */

/* Begin PBXVariantGroup section */
		254DB2DA2B76EF0A00B0B76B /* LaunchScreen.storyboard */ = {
			isa = PBXVariantGroup;
			children = (
				254DB2DB2B76EF0A00B0B76B /* Base */,
			);
			name = LaunchScreen.storyboard;
			sourceTree = "<group>";
		};
/* End PBXVariantGroup section */

/* Begin XCBuildConfiguration section */
		254DB2F42B76EF0A00B0B76B /* Debug */ = {
			isa = XCBuildConfiguration;
			buildSettings = {
				ALWAYS_SEARCH_USER_PATHS = NO;
				ASSETCATALOG_COMPILER_GENERATE_SWIFT_ASSET_SYMBOL_EXTENSIONS = YES;
				CLANG_ANALYZER_NONNULL = YES;
				CLANG_ANALYZER_NUMBER_OBJECT_CONVERSION = YES_AGGRESSIVE;
				CLANG_CXX_LANGUAGE_STANDARD = "gnu++20";
				CLANG_ENABLE_MODULES = YES;
				CLANG_ENABLE_OBJC_ARC = YES;
				CLANG_ENABLE_OBJC_WEAK = YES;
				CLANG_WARN_BLOCK_CAPTURE_AUTORELEASING = YES;
				CLANG_WARN_BOOL_CONVERSION = YES;
				CLANG_WARN_COMMA = YES;
				CLANG_WARN_CONSTANT_CONVERSION = YES;
				CLANG_WARN_DEPRECATED_OBJC_IMPLEMENTATIONS = YES;
				CLANG_WARN_DIRECT_OBJC_ISA_USAGE = YES_ERROR;
				CLANG_WARN_DOCUMENTATION_COMMENTS = YES;
				CLANG_WARN_EMPTY_BODY = YES;
				CLANG_WARN_ENUM_CONVERSION = YES;
				CLANG_WARN_INFINITE_RECURSION = YES;
				CLANG_WARN_INT_CONVERSION = YES;
				CLANG_WARN_NON_LITERAL_NULL_CONVERSION = YES;
				CLANG_WARN_OBJC_IMPLICIT_RETAIN_SELF = YES;
				CLANG_WARN_OBJC_LITERAL_CONVERSION = YES;
				CLANG_WARN_OBJC_ROOT_CLASS = YES_ERROR;
				CLANG_WARN_QUOTED_INCLUDE_IN_FRAMEWORK_HEADER = YES;
				CLANG_WARN_RANGE_LOOP_ANALYSIS = YES;
				CLANG_WARN_STRICT_PROTOTYPES = YES;
				CLANG_WARN_SUSPICIOUS_MOVE = YES;
				CLANG_WARN_UNGUARDED_AVAILABILITY = YES_AGGRESSIVE;
				CLANG_WARN_UNREACHABLE_CODE = YES;
				CLANG_WARN__DUPLICATE_METHOD_MATCH = YES;
				COPY_PHASE_STRIP = NO;
				DEBUG_INFORMATION_FORMAT = dwarf;
				ENABLE_STRICT_OBJC_MSGSEND = YES;
				ENABLE_TESTABILITY = YES;
				ENABLE_USER_SCRIPT_SANDBOXING = YES;
				GCC_C_LANGUAGE_STANDARD = gnu17;
				GCC_DYNAMIC_NO_PIC = NO;
				GCC_NO_COMMON_BLOCKS = YES;
				GCC_OPTIMIZATION_LEVEL = 0;
				GCC_PREPROCESSOR_DEFINITIONS = (
					"DEBUG=1",
					"$(inherited)",
				);
				GCC_WARN_64_TO_32_BIT_CONVERSION = YES;
				GCC_WARN_ABOUT_RETURN_TYPE = YES_ERROR;
				GCC_WARN_UNDECLARED_SELECTOR = YES;
				GCC_WARN_UNINITIALIZED_AUTOS = YES_AGGRESSIVE;
				GCC_WARN_UNUSED_FUNCTION = YES;
				GCC_WARN_UNUSED_VARIABLE = YES;
				IPHONEOS_DEPLOYMENT_TARGET = 17.2;
				LOCALIZATION_PREFERS_STRING_CATALOGS = YES;
				MTL_ENABLE_DEBUG_INFO = INCLUDE_SOURCE;
				MTL_FAST_MATH = YES;
				ONLY_ACTIVE_ARCH = YES;
				SDKROOT = iphoneos;
				SWIFT_ACTIVE_COMPILATION_CONDITIONS = "DEBUG $(inherited)";
				SWIFT_OPTIMIZATION_LEVEL = "-Onone";
			};
			name = Debug;
		};
		254DB2F52B76EF0A00B0B76B /* Release */ = {
			isa = XCBuildConfiguration;
			buildSettings = {
				ALWAYS_SEARCH_USER_PATHS = NO;
				ASSETCATALOG_COMPILER_GENERATE_SWIFT_ASSET_SYMBOL_EXTENSIONS = YES;
				CLANG_ANALYZER_NONNULL = YES;
				CLANG_ANALYZER_NUMBER_OBJECT_CONVERSION = YES_AGGRESSIVE;
				CLANG_CXX_LANGUAGE_STANDARD = "gnu++20";
				CLANG_ENABLE_MODULES = YES;
				CLANG_ENABLE_OBJC_ARC = YES;
				CLANG_ENABLE_OBJC_WEAK = YES;
				CLANG_WARN_BLOCK_CAPTURE_AUTORELEASING = YES;
				CLANG_WARN_BOOL_CONVERSION = YES;
				CLANG_WARN_COMMA = YES;
				CLANG_WARN_CONSTANT_CONVERSION = YES;
				CLANG_WARN_DEPRECATED_OBJC_IMPLEMENTATIONS = YES;
				CLANG_WARN_DIRECT_OBJC_ISA_USAGE = YES_ERROR;
				CLANG_WARN_DOCUMENTATION_COMMENTS = YES;
				CLANG_WARN_EMPTY_BODY = YES;
				CLANG_WARN_ENUM_CONVERSION = YES;
				CLANG_WARN_INFINITE_RECURSION = YES;
				CLANG_WARN_INT_CONVERSION = YES;
				CLANG_WARN_NON_LITERAL_NULL_CONVERSION = YES;
				CLANG_WARN_OBJC_IMPLICIT_RETAIN_SELF = YES;
				CLANG_WARN_OBJC_LITERAL_CONVERSION = YES;
				CLANG_WARN_OBJC_ROOT_CLASS = YES_ERROR;
				CLANG_WARN_QUOTED_INCLUDE_IN_FRAMEWORK_HEADER = YES;
				CLANG_WARN_RANGE_LOOP_ANALYSIS = YES;
				CLANG_WARN_STRICT_PROTOTYPES = YES;
				CLANG_WARN_SUSPICIOUS_MOVE = YES;
				CLANG_WARN_UNGUARDED_AVAILABILITY = YES_AGGRESSIVE;
				CLANG_WARN_UNREACHABLE_CODE = YES;
				CLANG_WARN__DUPLICATE_METHOD_MATCH = YES;
				COPY_PHASE_STRIP = NO;
				DEBUG_INFORMATION_FORMAT = "dwarf-with-dsym";
				ENABLE_NS_ASSERTIONS = NO;
				ENABLE_STRICT_OBJC_MSGSEND = YES;
				ENABLE_USER_SCRIPT_SANDBOXING = YES;
				GCC_C_LANGUAGE_STANDARD = gnu17;
				GCC_NO_COMMON_BLOCKS = YES;
				GCC_WARN_64_TO_32_BIT_CONVERSION = YES;
				GCC_WARN_ABOUT_RETURN_TYPE = YES_ERROR;
				GCC_WARN_UNDECLARED_SELECTOR = YES;
				GCC_WARN_UNINITIALIZED_AUTOS = YES_AGGRESSIVE;
				GCC_WARN_UNUSED_FUNCTION = YES;
				GCC_WARN_UNUSED_VARIABLE = YES;
				IPHONEOS_DEPLOYMENT_TARGET = 17.2;
				LOCALIZATION_PREFERS_STRING_CATALOGS = YES;
				MTL_ENABLE_DEBUG_INFO = NO;
				MTL_FAST_MATH = YES;
				SDKROOT = iphoneos;
				SWIFT_COMPILATION_MODE = wholemodule;
				VALIDATE_PRODUCT = YES;
			};
			name = Release;
		};
		254DB2F72B76EF0A00B0B76B /* Debug */ = {
			isa = XCBuildConfiguration;
			baseConfigurationReference = C93CA961D01799EC852953C7 /* Pods-Login.debug.xcconfig */;
			buildSettings = {
				ASSETCATALOG_COMPILER_APPICON_NAME = AppIcon;
				ASSETCATALOG_COMPILER_GLOBAL_ACCENT_COLOR_NAME = AccentColor;
				CODE_SIGN_STYLE = Automatic;
				CURRENT_PROJECT_VERSION = 1;
				DEVELOPMENT_TEAM = K94W73YTUH;
				GENERATE_INFOPLIST_FILE = YES;
				INFOPLIST_FILE = Login/Info.plist;
				INFOPLIST_KEY_UIApplicationSupportsIndirectInputEvents = YES;
				INFOPLIST_KEY_UILaunchStoryboardName = LaunchScreen;
				INFOPLIST_KEY_UISupportedInterfaceOrientations_iPad = "UIInterfaceOrientationPortrait UIInterfaceOrientationPortraitUpsideDown UIInterfaceOrientationLandscapeLeft UIInterfaceOrientationLandscapeRight";
				INFOPLIST_KEY_UISupportedInterfaceOrientations_iPhone = "UIInterfaceOrientationPortrait UIInterfaceOrientationLandscapeLeft UIInterfaceOrientationLandscapeRight";
				LD_RUNPATH_SEARCH_PATHS = (
					"$(inherited)",
					"@executable_path/Frameworks",
				);
				MARKETING_VERSION = 1.0;
				PRODUCT_BUNDLE_IDENTIFIER = jinchengsi.Login;
				PRODUCT_NAME = "$(TARGET_NAME)";
				SWIFT_EMIT_LOC_STRINGS = YES;
				SWIFT_VERSION = 5.0;
				TARGETED_DEVICE_FAMILY = "1,2";
			};
			name = Debug;
		};
		254DB2F82B76EF0A00B0B76B /* Release */ = {
			isa = XCBuildConfiguration;
			baseConfigurationReference = 25DCE3562B1063433A65A296 /* Pods-Login.release.xcconfig */;
			buildSettings = {
				ASSETCATALOG_COMPILER_APPICON_NAME = AppIcon;
				ASSETCATALOG_COMPILER_GLOBAL_ACCENT_COLOR_NAME = AccentColor;
				CODE_SIGN_STYLE = Automatic;
				CURRENT_PROJECT_VERSION = 1;
				DEVELOPMENT_TEAM = K94W73YTUH;
				GENERATE_INFOPLIST_FILE = YES;
				INFOPLIST_FILE = Login/Info.plist;
				INFOPLIST_KEY_UIApplicationSupportsIndirectInputEvents = YES;
				INFOPLIST_KEY_UILaunchStoryboardName = LaunchScreen;
				INFOPLIST_KEY_UISupportedInterfaceOrientations_iPad = "UIInterfaceOrientationPortrait UIInterfaceOrientationPortraitUpsideDown UIInterfaceOrientationLandscapeLeft UIInterfaceOrientationLandscapeRight";
				INFOPLIST_KEY_UISupportedInterfaceOrientations_iPhone = "UIInterfaceOrientationPortrait UIInterfaceOrientationLandscapeLeft UIInterfaceOrientationLandscapeRight";
				LD_RUNPATH_SEARCH_PATHS = (
					"$(inherited)",
					"@executable_path/Frameworks",
				);
				MARKETING_VERSION = 1.0;
				PRODUCT_BUNDLE_IDENTIFIER = jinchengsi.Login;
				PRODUCT_NAME = "$(TARGET_NAME)";
				SWIFT_EMIT_LOC_STRINGS = YES;
				SWIFT_VERSION = 5.0;
				TARGETED_DEVICE_FAMILY = "1,2";
			};
			name = Release;
		};
		254DB2FA2B76EF0A00B0B76B /* Debug */ = {
			isa = XCBuildConfiguration;
			baseConfigurationReference = 630D529FDAB856118489F525 /* Pods-LoginTests.debug.xcconfig */;
			buildSettings = {
				ALWAYS_EMBED_SWIFT_STANDARD_LIBRARIES = YES;
				BUNDLE_LOADER = "$(TEST_HOST)";
				CODE_SIGN_STYLE = Automatic;
				CURRENT_PROJECT_VERSION = 1;
				DEVELOPMENT_TEAM = K94W73YTUH;
				GENERATE_INFOPLIST_FILE = YES;
				IPHONEOS_DEPLOYMENT_TARGET = 17.2;
				MARKETING_VERSION = 1.0;
				PRODUCT_BUNDLE_IDENTIFIER = jinchengsi.LoginTests;
				PRODUCT_NAME = "$(TARGET_NAME)";
				SWIFT_EMIT_LOC_STRINGS = NO;
				SWIFT_VERSION = 5.0;
				TARGETED_DEVICE_FAMILY = "1,2";
				TEST_HOST = "$(BUILT_PRODUCTS_DIR)/Login.app/$(BUNDLE_EXECUTABLE_FOLDER_PATH)/Login";
			};
			name = Debug;
		};
		254DB2FB2B76EF0A00B0B76B /* Release */ = {
			isa = XCBuildConfiguration;
			baseConfigurationReference = B93084D1CA0C948FF2E0A09C /* Pods-LoginTests.release.xcconfig */;
			buildSettings = {
				ALWAYS_EMBED_SWIFT_STANDARD_LIBRARIES = YES;
				BUNDLE_LOADER = "$(TEST_HOST)";
				CODE_SIGN_STYLE = Automatic;
				CURRENT_PROJECT_VERSION = 1;
				DEVELOPMENT_TEAM = K94W73YTUH;
				GENERATE_INFOPLIST_FILE = YES;
				IPHONEOS_DEPLOYMENT_TARGET = 17.2;
				MARKETING_VERSION = 1.0;
				PRODUCT_BUNDLE_IDENTIFIER = jinchengsi.LoginTests;
				PRODUCT_NAME = "$(TARGET_NAME)";
				SWIFT_EMIT_LOC_STRINGS = NO;
				SWIFT_VERSION = 5.0;
				TARGETED_DEVICE_FAMILY = "1,2";
				TEST_HOST = "$(BUILT_PRODUCTS_DIR)/Login.app/$(BUNDLE_EXECUTABLE_FOLDER_PATH)/Login";
			};
			name = Release;
		};
		254DB2FD2B76EF0A00B0B76B /* Debug */ = {
			isa = XCBuildConfiguration;
			baseConfigurationReference = F7A01AFA7EA7A70965BECD0D /* Pods-Login-LoginUITests.debug.xcconfig */;
			buildSettings = {
				ALWAYS_EMBED_SWIFT_STANDARD_LIBRARIES = YES;
				CODE_SIGN_STYLE = Automatic;
				CURRENT_PROJECT_VERSION = 1;
				DEVELOPMENT_TEAM = K94W73YTUH;
				GENERATE_INFOPLIST_FILE = YES;
				MARKETING_VERSION = 1.0;
				PRODUCT_BUNDLE_IDENTIFIER = jinchengsi.LoginUITests;
				PRODUCT_NAME = "$(TARGET_NAME)";
				SWIFT_EMIT_LOC_STRINGS = NO;
				SWIFT_VERSION = 5.0;
				TARGETED_DEVICE_FAMILY = "1,2";
				TEST_TARGET_NAME = Login;
			};
			name = Debug;
		};
		254DB2FE2B76EF0A00B0B76B /* Release */ = {
			isa = XCBuildConfiguration;
			baseConfigurationReference = 9EF7C8118229686C3932ADA2 /* Pods-Login-LoginUITests.release.xcconfig */;
			buildSettings = {
				ALWAYS_EMBED_SWIFT_STANDARD_LIBRARIES = YES;
				CODE_SIGN_STYLE = Automatic;
				CURRENT_PROJECT_VERSION = 1;
				DEVELOPMENT_TEAM = K94W73YTUH;
				GENERATE_INFOPLIST_FILE = YES;
				MARKETING_VERSION = 1.0;
				PRODUCT_BUNDLE_IDENTIFIER = jinchengsi.LoginUITests;
				PRODUCT_NAME = "$(TARGET_NAME)";
				SWIFT_EMIT_LOC_STRINGS = NO;
				SWIFT_VERSION = 5.0;
				TARGETED_DEVICE_FAMILY = "1,2";
				TEST_TARGET_NAME = Login;
			};
			name = Release;
		};
/* End XCBuildConfiguration section */

/* Begin XCConfigurationList section */
		254DB2C72B76EF0800B0B76B /* Build configuration list for PBXProject "Login" */ = {
			isa = XCConfigurationList;
			buildConfigurations = (
				254DB2F42B76EF0A00B0B76B /* Debug */,
				254DB2F52B76EF0A00B0B76B /* Release */,
			);
			defaultConfigurationIsVisible = 0;
			defaultConfigurationName = Release;
		};
		254DB2F62B76EF0A00B0B76B /* Build configuration list for PBXNativeTarget "Login" */ = {
			isa = XCConfigurationList;
			buildConfigurations = (
				254DB2F72B76EF0A00B0B76B /* Debug */,
				254DB2F82B76EF0A00B0B76B /* Release */,
			);
			defaultConfigurationIsVisible = 0;
			defaultConfigurationName = Release;
		};
		254DB2F92B76EF0A00B0B76B /* Build configuration list for PBXNativeTarget "LoginTests" */ = {
			isa = XCConfigurationList;
			buildConfigurations = (
				254DB2FA2B76EF0A00B0B76B /* Debug */,
				254DB2FB2B76EF0A00B0B76B /* Release */,
			);
			defaultConfigurationIsVisible = 0;
			defaultConfigurationName = Release;
		};
		254DB2FC2B76EF0A00B0B76B /* Build configuration list for PBXNativeTarget "LoginUITests" */ = {
			isa = XCConfigurationList;
			buildConfigurations = (
				254DB2FD2B76EF0A00B0B76B /* Debug */,
				254DB2FE2B76EF0A00B0B76B /* Release */,
			);
			defaultConfigurationIsVisible = 0;
			defaultConfigurationName = Release;
		};
/* End XCConfigurationList section */
	};
	rootObject = 254DB2C42B76EF0800B0B76B /* Project object */;
}
